
Microsoft Visual Studio Solution File, Format Version 12.00
# Visual Studio Version 17
VisualStudioVersion = 17.6.33723.286
MinimumVisualStudioVersion = 10.0.40219.1
Project("{54A90642-561A-4BB1-A94E-469ADEE60C69}") = "vueapp", "vueapp\vueapp.esproj", "{387CC436-334E-4A25-A7AF-5DF0FF372545}"
EndProject
Project("{9A19103F-16F7-4668-BE54-9A1E7A4F7556}") = "webapi", "webapi\webapi.csproj", "{EDB239EF-8F56-41E0-A310-C3F6C81C66CC}"
EndProject
Global
	GlobalSection(SolutionConfigurationPlatforms) = preSolution
		Debug|Any CPU = Debug|Any CPU
		Release|Any CPU = Release|Any CPU
	EndGlobalSection
	GlobalSection(ProjectConfigurationPlatforms) = postSolution
		{387CC436-334E-4A25-A7AF-5DF0FF372545}.Debug|Any CPU.ActiveCfg = Debug|Any CPU
		{387CC436-334E-4A25-A7AF-5DF0FF372545}.Debug|Any CPU.Build.0 = Debug|Any CPU
		{387CC436-334E-4A25-A7AF-5DF0FF372545}.Debug|Any CPU.Deploy.0 = Debug|Any CPU
		{387CC436-334E-4A25-A7AF-5DF0FF372545}.Release|Any CPU.ActiveCfg = Release|Any CPU
		{387CC436-334E-4A25-A7AF-5DF0FF372545}.Release|Any CPU.Build.0 = Release|Any CPU
		{387CC436-334E-4A25-A7AF-5DF0FF372545}.Release|Any CPU.Deploy.0 = Release|Any CPU
		{EDB239EF-8F56-41E0-A310-C3F6C81C66CC}.Debug|Any CPU.ActiveCfg = Debug|Any CPU
		{EDB239EF-8F56-41E0-A310-C3F6C81C66CC}.Debug|Any CPU.Build.0 = Debug|Any CPU
		{EDB239EF-8F56-41E0-A310-C3F6C81C66CC}.Release|Any CPU.ActiveCfg = Release|Any CPU
		{EDB239EF-8F56-41E0-A310-C3F6C81C66CC}.Release|Any CPU.Build.0 = Release|Any CPU
	EndGlobalSection
	GlobalSection(SolutionProperties) = preSolution
		HideSolutionNode = FALSE
	EndGlobalSection
	GlobalSection(ExtensibilityGlobals) = postSolution
		SolutionGuid = {C03D7C4D-89D1-46EB-8DD9-C0FE16C784FE}
	EndGlobalSection
EndGlobal
